
Microsoft Visual Studio Solution File, Format Version 12.00
# Visual Studio Version 16
VisualStudioVersion = 16.0.31105.61
MinimumVisualStudioVersion = 10.0.40219.1
Project("{9A19103F-16F7-4668-BE54-9A1E7A4F7556}") = "HealthCompApi", "HealthCompApi\HealthCompApi.csproj", "{B0CB6923-D2DB-4658-90C4-5E4BA5A28419}"
EndProject
Project("{9A19103F-16F7-4668-BE54-9A1E7A4F7556}") = "DataAccess", "DataAccess\DataAccess.csproj", "{940346DA-A49A-4A87-8B0A-F408137E02F2}"
EndProject
Project("{FAE04EC0-301F-11D3-BF4B-00C04F79EFBC}") = "CustomerDataService", "CustomerDataService\CustomerDataService.csproj", "{D918C384-B0A7-420B-8551-AB773EAA45FF}"
EndProject
Global
	GlobalSection(SolutionConfigurationPlatforms) = preSolution
		Debug|Any CPU = Debug|Any CPU
		Release|Any CPU = Release|Any CPU
	EndGlobalSection
	GlobalSection(ProjectConfigurationPlatforms) = postSolution
		{B0CB6923-D2DB-4658-90C4-5E4BA5A28419}.Debug|Any CPU.ActiveCfg = Debug|Any CPU
		{B0CB6923-D2DB-4658-90C4-5E4BA5A28419}.Debug|Any CPU.Build.0 = Debug|Any CPU
		{B0CB6923-D2DB-4658-90C4-5E4BA5A28419}.Release|Any CPU.ActiveCfg = Release|Any CPU
		{B0CB6923-D2DB-4658-90C4-5E4BA5A28419}.Release|Any CPU.Build.0 = Release|Any CPU
		{940346DA-A49A-4A87-8B0A-F408137E02F2}.Debug|Any CPU.ActiveCfg = Debug|Any CPU
		{940346DA-A49A-4A87-8B0A-F408137E02F2}.Debug|Any CPU.Build.0 = Debug|Any CPU
		{940346DA-A49A-4A87-8B0A-F408137E02F2}.Release|Any CPU.ActiveCfg = Release|Any CPU
		{940346DA-A49A-4A87-8B0A-F408137E02F2}.Release|Any CPU.Build.0 = Release|Any CPU
		{D918C384-B0A7-420B-8551-AB773EAA45FF}.Debug|Any CPU.ActiveCfg = Debug|Any CPU
		{D918C384-B0A7-420B-8551-AB773EAA45FF}.Debug|Any CPU.Build.0 = Debug|Any CPU
		{D918C384-B0A7-420B-8551-AB773EAA45FF}.Release|Any CPU.ActiveCfg = Release|Any CPU
		{D918C384-B0A7-420B-8551-AB773EAA45FF}.Release|Any CPU.Build.0 = Release|Any CPU
	EndGlobalSection
	GlobalSection(SolutionProperties) = preSolution
		HideSolutionNode = FALSE
	EndGlobalSection
	GlobalSection(ExtensibilityGlobals) = postSolution
		SolutionGuid = {8179CE82-969C-483E-B115-5AF5ACD7640D}
	EndGlobalSection
EndGlobal
